// !$*UTF8*$!
{
	archiveVersion = 1;
	classes = {
	};
	objectVersion = 50;
	objects = {

/* Begin PBXBuildFile section */
		E21A9EAC2479E7C300D455BD /* IssueGraph.sks in Resources */ = {isa = PBXBuildFile; fileRef = E21A9EAB2479E7C300D455BD /* IssueGraph.sks */; };
		E28391F42484FCAF009C7303 /* SpriteKitTimingFunctions.swift in Sources */ = {isa = PBXBuildFile; fileRef = E28391F32484FCAF009C7303 /* SpriteKitTimingFunctions.swift */; };
		E28391F624851E79009C7303 /* IssueMenu.swift in Sources */ = {isa = PBXBuildFile; fileRef = E28391F524851E79009C7303 /* IssueMenu.swift */; };
		E2A755FD2485795F00D32764 /* cleanStatusBar.swift in Sources */ = {isa = PBXBuildFile; fileRef = E2A755FC2485795F00D32764 /* cleanStatusBar.swift */; };
		E2E37AE92476B70C0004FCA1 /* AppDelegate.swift in Sources */ = {isa = PBXBuildFile; fileRef = E2E37AE82476B70C0004FCA1 /* AppDelegate.swift */; };
		E2E37AEB2476B70C0004FCA1 /* SceneDelegate.swift in Sources */ = {isa = PBXBuildFile; fileRef = E2E37AEA2476B70C0004FCA1 /* SceneDelegate.swift */; };
		E2E37AEE2476B70C0004FCA1 /* Sonder.xcdatamodeld in Sources */ = {isa = PBXBuildFile; fileRef = E2E37AEC2476B70C0004FCA1 /* Sonder.xcdatamodeld */; };
		E2E37AF02476B70C0004FCA1 /* ContentView.swift in Sources */ = {isa = PBXBuildFile; fileRef = E2E37AEF2476B70C0004FCA1 /* ContentView.swift */; };
		E2E37AF22476B70D0004FCA1 /* Assets.xcassets in Resources */ = {isa = PBXBuildFile; fileRef = E2E37AF12476B70D0004FCA1 /* Assets.xcassets */; };
		E2E37AF52476B70D0004FCA1 /* Preview Assets.xcassets in Resources */ = {isa = PBXBuildFile; fileRef = E2E37AF42476B70D0004FCA1 /* Preview Assets.xcassets */; };
		E2E37AF82476B70D0004FCA1 /* LaunchScreen.storyboard in Resources */ = {isa = PBXBuildFile; fileRef = E2E37AF62476B70D0004FCA1 /* LaunchScreen.storyboard */; };
		E2E37B032476B70E0004FCA1 /* SonderTests.swift in Sources */ = {isa = PBXBuildFile; fileRef = E2E37B022476B70E0004FCA1 /* SonderTests.swift */; };
		E2E37B0E2476B70E0004FCA1 /* SonderUITests.swift in Sources */ = {isa = PBXBuildFile; fileRef = E2E37B0D2476B70E0004FCA1 /* SonderUITests.swift */; };
/* End PBXBuildFile section */

/* Begin PBXContainerItemProxy section */
		E2E37AFF2476B70E0004FCA1 /* PBXContainerItemProxy */ = {
			isa = PBXContainerItemProxy;
			containerPortal = E2E37ADD2476B70C0004FCA1 /* Project object */;
			proxyType = 1;
			remoteGlobalIDString = E2E37AE42476B70C0004FCA1;
			remoteInfo = Sonder;
		};
		E2E37B0A2476B70E0004FCA1 /* PBXContainerItemProxy */ = {
			isa = PBXContainerItemProxy;
			containerPortal = E2E37ADD2476B70C0004FCA1 /* Project object */;
			proxyType = 1;
			remoteGlobalIDString = E2E37AE42476B70C0004FCA1;
			remoteInfo = Sonder;
		};
/* End PBXContainerItemProxy section */

/* Begin PBXFileReference section */
		E21A9EAB2479E7C300D455BD /* IssueGraph.sks */ = {isa = PBXFileReference; lastKnownFileType = file.sks; path = IssueGraph.sks; sourceTree = "<group>"; };
		E28391F32484FCAF009C7303 /* SpriteKitTimingFunctions.swift */ = {isa = PBXFileReference; lastKnownFileType = sourcecode.swift; path = SpriteKitTimingFunctions.swift; sourceTree = "<group>"; };
		E28391F524851E79009C7303 /* IssueMenu.swift */ = {isa = PBXFileReference; lastKnownFileType = sourcecode.swift; path = IssueMenu.swift; sourceTree = "<group>"; };
		E2A755FC2485795F00D32764 /* cleanStatusBar.swift */ = {isa = PBXFileReference; lastKnownFileType = sourcecode.swift; path = cleanStatusBar.swift; sourceTree = "<group>"; };
		E2E37AE52476B70C0004FCA1 /* Sonder.app */ = {isa = PBXFileReference; explicitFileType = wrapper.application; includeInIndex = 0; path = Sonder.app; sourceTree = BUILT_PRODUCTS_DIR; };
		E2E37AE82476B70C0004FCA1 /* AppDelegate.swift */ = {isa = PBXFileReference; lastKnownFileType = sourcecode.swift; path = AppDelegate.swift; sourceTree = "<group>"; };
		E2E37AEA2476B70C0004FCA1 /* SceneDelegate.swift */ = {isa = PBXFileReference; lastKnownFileType = sourcecode.swift; path = SceneDelegate.swift; sourceTree = "<group>"; };
		E2E37AED2476B70C0004FCA1 /* Sonder.xcdatamodel */ = {isa = PBXFileReference; lastKnownFileType = wrapper.xcdatamodel; path = Sonder.xcdatamodel; sourceTree = "<group>"; };
		E2E37AEF2476B70C0004FCA1 /* ContentView.swift */ = {isa = PBXFileReference; lastKnownFileType = sourcecode.swift; path = ContentView.swift; sourceTree = "<group>"; };
		E2E37AF12476B70D0004FCA1 /* Assets.xcassets */ = {isa = PBXFileReference; lastKnownFileType = folder.assetcatalog; path = Assets.xcassets; sourceTree = "<group>"; };
		E2E37AF42476B70D0004FCA1 /* Preview Assets.xcassets */ = {isa = PBXFileReference; lastKnownFileType = folder.assetcatalog; path = "Preview Assets.xcassets"; sourceTree = "<group>"; };
		E2E37AF72476B70D0004FCA1 /* Base */ = {isa = PBXFileReference; lastKnownFileType = file.storyboard; name = Base; path = Base.lproj/LaunchScreen.storyboard; sourceTree = "<group>"; };
		E2E37AF92476B70D0004FCA1 /* Info.plist */ = {isa = PBXFileReference; lastKnownFileType = text.plist.xml; path = Info.plist; sourceTree = "<group>"; };
		E2E37AFE2476B70E0004FCA1 /* SonderTests.xctest */ = {isa = PBXFileReference; explicitFileType = wrapper.cfbundle; includeInIndex = 0; path = SonderTests.xctest; sourceTree = BUILT_PRODUCTS_DIR; };
		E2E37B022476B70E0004FCA1 /* SonderTests.swift */ = {isa = PBXFileReference; lastKnownFileType = sourcecode.swift; path = SonderTests.swift; sourceTree = "<group>"; };
		E2E37B042476B70E0004FCA1 /* Info.plist */ = {isa = PBXFileReference; lastKnownFileType = text.plist.xml; path = Info.plist; sourceTree = "<group>"; };
		E2E37B092476B70E0004FCA1 /* SonderUITests.xctest */ = {isa = PBXFileReference; explicitFileType = wrapper.cfbundle; includeInIndex = 0; path = SonderUITests.xctest; sourceTree = BUILT_PRODUCTS_DIR; };
		E2E37B0D2476B70E0004FCA1 /* SonderUITests.swift */ = {isa = PBXFileReference; lastKnownFileType = sourcecode.swift; path = SonderUITests.swift; sourceTree = "<group>"; };
		E2E37B0F2476B70E0004FCA1 /* Info.plist */ = {isa = PBXFileReference; lastKnownFileType = text.plist.xml; path = Info.plist; sourceTree = "<group>"; };
/* End PBXFileReference section */

/* Begin PBXFrameworksBuildPhase section */
		E2E37AE22476B70C0004FCA1 /* Frameworks */ = {
			isa = PBXFrameworksBuildPhase;
			buildActionMask = 2147483647;
			files = (
			);
			runOnlyForDeploymentPostprocessing = 0;
		};
		E2E37AFB2476B70E0004FCA1 /* Frameworks */ = {
			isa = PBXFrameworksBuildPhase;
			buildActionMask = 2147483647;
			files = (
			);
			runOnlyForDeploymentPostprocessing = 0;
		};
		E2E37B062476B70E0004FCA1 /* Frameworks */ = {
			isa = PBXFrameworksBuildPhase;
			buildActionMask = 2147483647;
			files = (
			);
			runOnlyForDeploymentPostprocessing = 0;
		};
/* End PBXFrameworksBuildPhase section */

/* Begin PBXGroup section */
		E2E37ADC2476B70C0004FCA1 = {
			isa = PBXGroup;
			children = (
				E2E37AE72476B70C0004FCA1 /* Sonder */,
				E2E37B012476B70E0004FCA1 /* SonderTests */,
				E2E37B0C2476B70E0004FCA1 /* SonderUITests */,
				E2E37AE62476B70C0004FCA1 /* Products */,
			);
			sourceTree = "<group>";
		};
		E2E37AE62476B70C0004FCA1 /* Products */ = {
			isa = PBXGroup;
			children = (
				E2E37AE52476B70C0004FCA1 /* Sonder.app */,
				E2E37AFE2476B70E0004FCA1 /* SonderTests.xctest */,
				E2E37B092476B70E0004FCA1 /* SonderUITests.xctest */,
			);
			name = Products;
			sourceTree = "<group>";
		};
		E2E37AE72476B70C0004FCA1 /* Sonder */ = {
			isa = PBXGroup;
			children = (
				E2E37AEF2476B70C0004FCA1 /* ContentView.swift */,
				E2A755FC2485795F00D32764 /* cleanStatusBar.swift */,
				E28391F524851E79009C7303 /* IssueMenu.swift */,
				E2E37AF12476B70D0004FCA1 /* Assets.xcassets */,
				E28391F32484FCAF009C7303 /* SpriteKitTimingFunctions.swift */,
				E2E37AE82476B70C0004FCA1 /* AppDelegate.swift */,
				E2E37AEA2476B70C0004FCA1 /* SceneDelegate.swift */,
				E21A9EAB2479E7C300D455BD /* IssueGraph.sks */,
				E2E37AF62476B70D0004FCA1 /* LaunchScreen.storyboard */,
				E2E37AF92476B70D0004FCA1 /* Info.plist */,
				E2E37AEC2476B70C0004FCA1 /* Sonder.xcdatamodeld */,
				E2E37AF32476B70D0004FCA1 /* Preview Content */,
			);
			path = Sonder;
			sourceTree = "<group>";
		};
		E2E37AF32476B70D0004FCA1 /* Preview Content */ = {
			isa = PBXGroup;
			children = (
				E2E37AF42476B70D0004FCA1 /* Preview Assets.xcassets */,
			);
			path = "Preview Content";
			sourceTree = "<group>";
		};
		E2E37B012476B70E0004FCA1 /* SonderTests */ = {
			isa = PBXGroup;
			children = (
				E2E37B022476B70E0004FCA1 /* SonderTests.swift */,
				E2E37B042476B70E0004FCA1 /* Info.plist */,
			);
			path = SonderTests;
			sourceTree = "<group>";
		};
		E2E37B0C2476B70E0004FCA1 /* SonderUITests */ = {
			isa = PBXGroup;
			children = (
				E2E37B0D2476B70E0004FCA1 /* SonderUITests.swift */,
				E2E37B0F2476B70E0004FCA1 /* Info.plist */,
			);
			path = SonderUITests;
			sourceTree = "<group>";
		};
/* End PBXGroup section */

/* Begin PBXNativeTarget section */
		E2E37AE42476B70C0004FCA1 /* Sonder */ = {
			isa = PBXNativeTarget;
			buildConfigurationList = E2E37B122476B70E0004FCA1 /* Build configuration list for PBXNativeTarget "Sonder" */;
			buildPhases = (
				E2E37AE12476B70C0004FCA1 /* Sources */,
				E2E37AE22476B70C0004FCA1 /* Frameworks */,
				E2E37AE32476B70C0004FCA1 /* Resources */,
			);
			buildRules = (
			);
			dependencies = (
			);
			name = Sonder;
			productName = Sonder;
			productReference = E2E37AE52476B70C0004FCA1 /* Sonder.app */;
			productType = "com.apple.product-type.application";
		};
		E2E37AFD2476B70E0004FCA1 /* SonderTests */ = {
			isa = PBXNativeTarget;
			buildConfigurationList = E2E37B152476B70E0004FCA1 /* Build configuration list for PBXNativeTarget "SonderTests" */;
			buildPhases = (
				E2E37AFA2476B70E0004FCA1 /* Sources */,
				E2E37AFB2476B70E0004FCA1 /* Frameworks */,
				E2E37AFC2476B70E0004FCA1 /* Resources */,
			);
			buildRules = (
			);
			dependencies = (
				E2E37B002476B70E0004FCA1 /* PBXTargetDependency */,
			);
			name = SonderTests;
			productName = SonderTests;
			productReference = E2E37AFE2476B70E0004FCA1 /* SonderTests.xctest */;
			productType = "com.apple.product-type.bundle.unit-test";
		};
		E2E37B082476B70E0004FCA1 /* SonderUITests */ = {
			isa = PBXNativeTarget;
			buildConfigurationList = E2E37B182476B70E0004FCA1 /* Build configuration list for PBXNativeTarget "SonderUITests" */;
			buildPhases = (
				E2E37B052476B70E0004FCA1 /* Sources */,
				E2E37B062476B70E0004FCA1 /* Frameworks */,
				E2E37B072476B70E0004FCA1 /* Resources */,
			);
			buildRules = (
			);
			dependencies = (
				E2E37B0B2476B70E0004FCA1 /* PBXTargetDependency */,
			);
			name = SonderUITests;
			productName = SonderUITests;
			productReference = E2E37B092476B70E0004FCA1 /* SonderUITests.xctest */;
			productType = "com.apple.product-type.bundle.ui-testing";
		};
/* End PBXNativeTarget section */

/* Begin PBXProject section */
		E2E37ADD2476B70C0004FCA1 /* Project object */ = {
			isa = PBXProject;
			attributes = {
				LastSwiftUpdateCheck = 1140;
				LastUpgradeCheck = 1140;
				ORGANIZATIONNAME = "Paul Mielle";
				TargetAttributes = {
					E2E37AE42476B70C0004FCA1 = {
						CreatedOnToolsVersion = 11.4;
					};
					E2E37AFD2476B70E0004FCA1 = {
						CreatedOnToolsVersion = 11.4;
						TestTargetID = E2E37AE42476B70C0004FCA1;
					};
					E2E37B082476B70E0004FCA1 = {
						CreatedOnToolsVersion = 11.4;
						TestTargetID = E2E37AE42476B70C0004FCA1;
					};
				};
			};
			buildConfigurationList = E2E37AE02476B70C0004FCA1 /* Build configuration list for PBXProject "Sonder" */;
			compatibilityVersion = "Xcode 9.3";
			developmentRegion = en;
			hasScannedForEncodings = 0;
			knownRegions = (
				en,
				Base,
			);
			mainGroup = E2E37ADC2476B70C0004FCA1;
			productRefGroup = E2E37AE62476B70C0004FCA1 /* Products */;
			projectDirPath = "";
			projectRoot = "";
			targets = (
				E2E37AE42476B70C0004FCA1 /* Sonder */,
				E2E37AFD2476B70E0004FCA1 /* SonderTests */,
				E2E37B082476B70E0004FCA1 /* SonderUITests */,
			);
		};
/* End PBXProject section */

/* Begin PBXResourcesBuildPhase section */
		E2E37AE32476B70C0004FCA1 /* Resources */ = {
			isa = PBXResourcesBuildPhase;
			buildActionMask = 2147483647;
			files = (
				E21A9EAC2479E7C300D455BD /* IssueGraph.sks in Resources */,
				E2E37AF82476B70D0004FCA1 /* LaunchScreen.storyboard in Resources */,
				E2E37AF52476B70D0004FCA1 /* Preview Assets.xcassets in Resources */,
				E2E37AF22476B70D0004FCA1 /* Assets.xcassets in Resources */,
			);
			runOnlyForDeploymentPostprocessing = 0;
		};
		E2E37AFC2476B70E0004FCA1 /* Resources */ = {
			isa = PBXResourcesBuildPhase;
			buildActionMask = 2147483647;
			files = (
			);
			runOnlyForDeploymentPostprocessing = 0;
		};
		E2E37B072476B70E0004FCA1 /* Resources */ = {
			isa = PBXResourcesBuildPhase;
			buildActionMask = 2147483647;
			files = (
			);
			runOnlyForDeploymentPostprocessing = 0;
		};
/* End PBXResourcesBuildPhase section */

/* Begin PBXSourcesBuildPhase section */
		E2E37AE12476B70C0004FCA1 /* Sources */ = {
			isa = PBXSourcesBuildPhase;
			buildActionMask = 2147483647;
			files = (
				E28391F624851E79009C7303 /* IssueMenu.swift in Sources */,
				E2A755FD2485795F00D32764 /* cleanStatusBar.swift in Sources */,
				E28391F42484FCAF009C7303 /* SpriteKitTimingFunctions.swift in Sources */,
				E2E37AE92476B70C0004FCA1 /* AppDelegate.swift in Sources */,
				E2E37AEE2476B70C0004FCA1 /* Sonder.xcdatamodeld in Sources */,
				E2E37AF02476B70C0004FCA1 /* ContentView.swift in Sources */,
				E2E37AEB2476B70C0004FCA1 /* SceneDelegate.swift in Sources */,
			);
			runOnlyForDeploymentPostprocessing = 0;
		};
		E2E37AFA2476B70E0004FCA1 /* Sources */ = {
			isa = PBXSourcesBuildPhase;
			buildActionMask = 2147483647;
			files = (
				E2E37B032476B70E0004FCA1 /* SonderTests.swift in Sources */,
			);
			runOnlyForDeploymentPostprocessing = 0;
		};
		E2E37B052476B70E0004FCA1 /* Sources */ = {
			isa = PBXSourcesBuildPhase;
			buildActionMask = 2147483647;
			files = (
				E2E37B0E2476B70E0004FCA1 /* SonderUITests.swift in Sources */,
			);
			runOnlyForDeploymentPostprocessing = 0;
		};
/* End PBXSourcesBuildPhase section */

/* Begin PBXTargetDependency section */
		E2E37B002476B70E0004FCA1 /* PBXTargetDependency */ = {
			isa = PBXTargetDependency;
			target = E2E37AE42476B70C0004FCA1 /* Sonder */;
			targetProxy = E2E37AFF2476B70E0004FCA1 /* PBXContainerItemProxy */;
		};
		E2E37B0B2476B70E0004FCA1 /* PBXTargetDependency */ = {
			isa = PBXTargetDependency;
			target = E2E37AE42476B70C0004FCA1 /* Sonder */;
			targetProxy = E2E37B0A2476B70E0004FCA1 /* PBXContainerItemProxy */;
		};
/* End PBXTargetDependency section */

/* Begin PBXVariantGroup section */
		E2E37AF62476B70D0004FCA1 /* LaunchScreen.storyboard */ = {
			isa = PBXVariantGroup;
			children = (
				E2E37AF72476B70D0004FCA1 /* Base */,
			);
			name = LaunchScreen.storyboard;
			sourceTree = "<group>";
		};
/* End PBXVariantGroup section */

/* Begin XCBuildConfiguration section */
		E2E37B102476B70E0004FCA1 /* Debug */ = {
			isa = XCBuildConfiguration;
			buildSettings = {
				ALWAYS_SEARCH_USER_PATHS = NO;
				CLANG_ANALYZER_NONNULL = YES;
				CLANG_ANALYZER_NUMBER_OBJECT_CONVERSION = YES_AGGRESSIVE;
				CLANG_CXX_LANGUAGE_STANDARD = "gnu++14";
				CLANG_CXX_LIBRARY = "libc++";
				CLANG_ENABLE_MODULES = YES;
				CLANG_ENABLE_OBJC_ARC = YES;
				CLANG_ENABLE_OBJC_WEAK = YES;
				CLANG_WARN_BLOCK_CAPTURE_AUTORELEASING = YES;
				CLANG_WARN_BOOL_CONVERSION = YES;
				CLANG_WARN_COMMA = YES;
				CLANG_WARN_CONSTANT_CONVERSION = YES;
				CLANG_WARN_DEPRECATED_OBJC_IMPLEMENTATIONS = YES;
				CLANG_WARN_DIRECT_OBJC_ISA_USAGE = YES_ERROR;
				CLANG_WARN_DOCUMENTATION_COMMENTS = YES;
				CLANG_WARN_EMPTY_BODY = YES;
				CLANG_WARN_ENUM_CONVERSION = YES;
				CLANG_WARN_INFINITE_RECURSION = YES;
				CLANG_WARN_INT_CONVERSION = YES;
				CLANG_WARN_NON_LITERAL_NULL_CONVERSION = YES;
				CLANG_WARN_OBJC_IMPLICIT_RETAIN_SELF = YES;
				CLANG_WARN_OBJC_LITERAL_CONVERSION = YES;
				CLANG_WARN_OBJC_ROOT_CLASS = YES_ERROR;
				CLANG_WARN_RANGE_LOOP_ANALYSIS = YES;
				CLANG_WARN_STRICT_PROTOTYPES = YES;
				CLANG_WARN_SUSPICIOUS_MOVE = YES;
				CLANG_WARN_UNGUARDED_AVAILABILITY = YES_AGGRESSIVE;
				CLANG_WARN_UNREACHABLE_CODE = YES;
				CLANG_WARN__DUPLICATE_METHOD_MATCH = YES;
				COPY_PHASE_STRIP = NO;
				DEBUG_INFORMATION_FORMAT = dwarf;
				ENABLE_STRICT_OBJC_MSGSEND = YES;
				ENABLE_TESTABILITY = YES;
				GCC_C_LANGUAGE_STANDARD = gnu11;
				GCC_DYNAMIC_NO_PIC = NO;
				GCC_NO_COMMON_BLOCKS = YES;
				GCC_OPTIMIZATION_LEVEL = 0;
				GCC_PREPROCESSOR_DEFINITIONS = (
					"DEBUG=1",
					"$(inherited)",
				);
				GCC_WARN_64_TO_32_BIT_CONVERSION = YES;
				GCC_WARN_ABOUT_RETURN_TYPE = YES_ERROR;
				GCC_WARN_UNDECLARED_SELECTOR = YES;
				GCC_WARN_UNINITIALIZED_AUTOS = YES_AGGRESSIVE;
				GCC_WARN_UNUSED_FUNCTION = YES;
				GCC_WARN_UNUSED_VARIABLE = YES;
				IPHONEOS_DEPLOYMENT_TARGET = 13.5;
				MTL_ENABLE_DEBUG_INFO = INCLUDE_SOURCE;
				MTL_FAST_MATH = YES;
				ONLY_ACTIVE_ARCH = YES;
				SDKROOT = iphoneos;
				SWIFT_ACTIVE_COMPILATION_CONDITIONS = DEBUG;
				SWIFT_OPTIMIZATION_LEVEL = "-Onone";
			};
			name = Debug;
		};
		E2E37B112476B70E0004FCA1 /* Release */ = {
			isa = XCBuildConfiguration;
			buildSettings = {
				ALWAYS_SEARCH_USER_PATHS = NO;
				CLANG_ANALYZER_NONNULL = YES;
				CLANG_ANALYZER_NUMBER_OBJECT_CONVERSION = YES_AGGRESSIVE;
				CLANG_CXX_LANGUAGE_STANDARD = "gnu++14";
				CLANG_CXX_LIBRARY = "libc++";
				CLANG_ENABLE_MODULES = YES;
				CLANG_ENABLE_OBJC_ARC = YES;
				CLANG_ENABLE_OBJC_WEAK = YES;
				CLANG_WARN_BLOCK_CAPTURE_AUTORELEASING = YES;
				CLANG_WARN_BOOL_CONVERSION = YES;
				CLANG_WARN_COMMA = YES;
				CLANG_WARN_CONSTANT_CONVERSION = YES;
				CLANG_WARN_DEPRECATED_OBJC_IMPLEMENTATIONS = YES;
				CLANG_WARN_DIRECT_OBJC_ISA_USAGE = YES_ERROR;
				CLANG_WARN_DOCUMENTATION_COMMENTS = YES;
				CLANG_WARN_EMPTY_BODY = YES;
				CLANG_WARN_ENUM_CONVERSION = YES;
				CLANG_WARN_INFINITE_RECURSION = YES;
				CLANG_WARN_INT_CONVERSION = YES;
				CLANG_WARN_NON_LITERAL_NULL_CONVERSION = YES;
				CLANG_WARN_OBJC_IMPLICIT_RETAIN_SELF = YES;
				CLANG_WARN_OBJC_LITERAL_CONVERSION = YES;
				CLANG_WARN_OBJC_ROOT_CLASS = YES_ERROR;
				CLANG_WARN_RANGE_LOOP_ANALYSIS = YES;
				CLANG_WARN_STRICT_PROTOTYPES = YES;
				CLANG_WARN_SUSPICIOUS_MOVE = YES;
				CLANG_WARN_UNGUARDED_AVAILABILITY = YES_AGGRESSIVE;
				CLANG_WARN_UNREACHABLE_CODE = YES;
				CLANG_WARN__DUPLICATE_METHOD_MATCH = YES;
				COPY_PHASE_STRIP = NO;
				DEBUG_INFORMATION_FORMAT = "dwarf-with-dsym";
				ENABLE_NS_ASSERTIONS = NO;
				ENABLE_STRICT_OBJC_MSGSEND = YES;
				GCC_C_LANGUAGE_STANDARD = gnu11;
				GCC_NO_COMMON_BLOCKS = YES;
				GCC_WARN_64_TO_32_BIT_CONVERSION = YES;
				GCC_WARN_ABOUT_RETURN_TYPE = YES_ERROR;
				GCC_WARN_UNDECLARED_SELECTOR = YES;
				GCC_WARN_UNINITIALIZED_AUTOS = YES_AGGRESSIVE;
				GCC_WARN_UNUSED_FUNCTION = YES;
				GCC_WARN_UNUSED_VARIABLE = YES;
				IPHONEOS_DEPLOYMENT_TARGET = 13.5;
				MTL_ENABLE_DEBUG_INFO = NO;
				MTL_FAST_MATH = YES;
				SDKROOT = iphoneos;
				SWIFT_COMPILATION_MODE = wholemodule;
				SWIFT_OPTIMIZATION_LEVEL = "-O";
				VALIDATE_PRODUCT = YES;
			};
			name = Release;
		};
		E2E37B132476B70E0004FCA1 /* Debug */ = {
			isa = XCBuildConfiguration;
			buildSettings = {
				ASSETCATALOG_COMPILER_APPICON_NAME = AppIcon;
				CODE_SIGN_STYLE = Automatic;
				DEVELOPMENT_ASSET_PATHS = "\"Sonder/Preview Content\"";
				DEVELOPMENT_TEAM = 3WVGXY89DC;
				ENABLE_PREVIEWS = YES;
				INFOPLIST_FILE = Sonder/Info.plist;
				LD_RUNPATH_SEARCH_PATHS = (
					"$(inherited)",
					"@executable_path/Frameworks",
				);
				PRODUCT_BUNDLE_IDENTIFIER = chepol.Sonder;
				PRODUCT_NAME = "$(TARGET_NAME)";
				SWIFT_VERSION = 5.0;
				TARGETED_DEVICE_FAMILY = "1,2";
			};
			name = Debug;
		};
		E2E37B142476B70E0004FCA1 /* Release */ = {
			isa = XCBuildConfiguration;
			buildSettings = {
				ASSETCATALOG_COMPILER_APPICON_NAME = AppIcon;
				CODE_SIGN_STYLE = Automatic;
				DEVELOPMENT_ASSET_PATHS = "\"Sonder/Preview Content\"";
				DEVELOPMENT_TEAM = 3WVGXY89DC;
				ENABLE_PREVIEWS = YES;
				INFOPLIST_FILE = Sonder/Info.plist;
				LD_RUNPATH_SEARCH_PATHS = (
					"$(inherited)",
					"@executable_path/Frameworks",
				);
				PRODUCT_BUNDLE_IDENTIFIER = chepol.Sonder;
				PRODUCT_NAME = "$(TARGET_NAME)";
				SWIFT_VERSION = 5.0;
				TARGETED_DEVICE_FAMILY = "1,2";
			};
			name = Release;
		};
		E2E37B162476B70E0004FCA1 /* Debug */ = {
			isa = XCBuildConfiguration;
			buildSettings = {
				ALWAYS_EMBED_SWIFT_STANDARD_LIBRARIES = YES;
				BUNDLE_LOADER = "$(TEST_HOST)";
				CODE_SIGN_STYLE = Automatic;
				DEVELOPMENT_TEAM = 3WVGXY89DC;
				INFOPLIST_FILE = SonderTests/Info.plist;
				IPHONEOS_DEPLOYMENT_TARGET = 13.4;
				LD_RUNPATH_SEARCH_PATHS = (
					"$(inherited)",
					"@executable_path/Frameworks",
					"@loader_path/Frameworks",
				);
				PRODUCT_BUNDLE_IDENTIFIER = chepol.SonderTests;
				PRODUCT_NAME = "$(TARGET_NAME)";
				SWIFT_VERSION = 5.0;
				TARGETED_DEVICE_FAMILY = "1,2";
				TEST_HOST = "$(BUILT_PRODUCTS_DIR)/Sonder.app/Sonder";
			};
			name = Debug;
		};
		E2E37B172476B70E0004FCA1 /* Release */ = {
			isa = XCBuildConfiguration;
			buildSettings = {
				ALWAYS_EMBED_SWIFT_STANDARD_LIBRARIES = YES;
				BUNDLE_LOADER = "$(TEST_HOST)";
				CODE_SIGN_STYLE = Automatic;
				DEVELOPMENT_TEAM = 3WVGXY89DC;
				INFOPLIST_FILE = SonderTests/Info.plist;
				IPHONEOS_DEPLOYMENT_TARGET = 13.4;
				LD_RUNPATH_SEARCH_PATHS = (
					"$(inherited)",
					"@executable_path/Frameworks",
					"@loader_path/Frameworks",
				);
				PRODUCT_BUNDLE_IDENTIFIER = chepol.SonderTests;
				PRODUCT_NAME = "$(TARGET_NAME)";
				SWIFT_VERSION = 5.0;
				TARGETED_DEVICE_FAMILY = "1,2";
				TEST_HOST = "$(BUILT_PRODUCTS_DIR)/Sonder.app/Sonder";
			};
			name = Release;
		};
		E2E37B192476B70E0004FCA1 /* Debug */ = {
			isa = XCBuildConfiguration;
			buildSettings = {
				ALWAYS_EMBED_SWIFT_STANDARD_LIBRARIES = YES;
				CODE_SIGN_STYLE = Automatic;
				DEVELOPMENT_TEAM = 3WVGXY89DC;
				INFOPLIST_FILE = SonderUITests/Info.plist;
				LD_RUNPATH_SEARCH_PATHS = (
					"$(inherited)",
					"@executable_path/Frameworks",
					"@loader_path/Frameworks",
				);
				PRODUCT_BUNDLE_IDENTIFIER = chepol.SonderUITests;
				PRODUCT_NAME = "$(TARGET_NAME)";
				SWIFT_VERSION = 5.0;
				TARGETED_DEVICE_FAMILY = "1,2";
				TEST_TARGET_NAME = Sonder;
			};
			name = Debug;
		};
		E2E37B1A2476B70E0004FCA1 /* Release */ = {
			isa = XCBuildConfiguration;
			buildSettings = {
				ALWAYS_EMBED_SWIFT_STANDARD_LIBRARIES = YES;
				CODE_SIGN_STYLE = Automatic;
				DEVELOPMENT_TEAM = 3WVGXY89DC;
				INFOPLIST_FILE = SonderUITests/Info.plist;
				LD_RUNPATH_SEARCH_PATHS = (
					"$(inherited)",
					"@executable_path/Frameworks",
					"@loader_path/Frameworks",
				);
				PRODUCT_BUNDLE_IDENTIFIER = chepol.SonderUITests;
				PRODUCT_NAME = "$(TARGET_NAME)";
				SWIFT_VERSION = 5.0;
				TARGETED_DEVICE_FAMILY = "1,2";
				TEST_TARGET_NAME = Sonder;
			};
			name = Release;
		};
/* End XCBuildConfiguration section */

/* Begin XCConfigurationList section */
		E2E37AE02476B70C0004FCA1 /* Build configuration list for PBXProject "Sonder" */ = {
			isa = XCConfigurationList;
			buildConfigurations = (
				E2E37B102476B70E0004FCA1 /* Debug */,
				E2E37B112476B70E0004FCA1 /* Release */,
			);
			defaultConfigurationIsVisible = 0;
			defaultConfigurationName = Release;
		};
		E2E37B122476B70E0004FCA1 /* Build configuration list for PBXNativeTarget "Sonder" */ = {
			isa = XCConfigurationList;
			buildConfigurations = (
				E2E37B132476B70E0004FCA1 /* Debug */,
				E2E37B142476B70E0004FCA1 /* Release */,
			);
			defaultConfigurationIsVisible = 0;
			defaultConfigurationName = Release;
		};
		E2E37B152476B70E0004FCA1 /* Build configuration list for PBXNativeTarget "SonderTests" */ = {
			isa = XCConfigurationList;
			buildConfigurations = (
				E2E37B162476B70E0004FCA1 /* Debug */,
				E2E37B172476B70E0004FCA1 /* Release */,
			);
			defaultConfigurationIsVisible = 0;
			defaultConfigurationName = Release;
		};
		E2E37B182476B70E0004FCA1 /* Build configuration list for PBXNativeTarget "SonderUITests" */ = {
			isa = XCConfigurationList;
			buildConfigurations = (
				E2E37B192476B70E0004FCA1 /* Debug */,
				E2E37B1A2476B70E0004FCA1 /* Release */,
			);
			defaultConfigurationIsVisible = 0;
			defaultConfigurationName = Release;
		};
/* End XCConfigurationList section */

/* Begin XCVersionGroup section */
		E2E37AEC2476B70C0004FCA1 /* Sonder.xcdatamodeld */ = {
			isa = XCVersionGroup;
			children = (
				E2E37AED2476B70C0004FCA1 /* Sonder.xcdatamodel */,
			);
			currentVersion = E2E37AED2476B70C0004FCA1 /* Sonder.xcdatamodel */;
			path = Sonder.xcdatamodeld;
			sourceTree = "<group>";
			versionGroupType = wrapper.xcdatamodel;
		};
/* End XCVersionGroup section */
	};
	rootObject = E2E37ADD2476B70C0004FCA1 /* Project object */;
}
